{
  "name": "cuddly-chainsaw",
  "version": "1.0.0",
  "lockfileVersion": 1,
  "requires": true,
  "dependencies": {
    "word-search-solver": {
      "version": "1.2.1",
      "resolved": "https://registry.npmjs.org/word-search-solver/-/word-search-solver-1.2.1.tgz",
      "integrity": "sha512-LrPTOhdCawNGHtzKxJenMeEi9u5trU9zHB/V5IZhTxS/JFO/WqYijRoKQNzTlW3N6Xzv210cJBPvc/k0WTjU6g=="
    }
  }
}
